
Microsoft Visual Studio Solution File, Format Version 12.00
# Visual Studio Version 16
VisualStudioVersion = 16.0.30621.155
MinimumVisualStudioVersion = 10.0.40219.1
Project("{9A19103F-16F7-4668-BE54-9A1E7A4F7556}") = "blob-storage", "blob-storage.csproj", "{3825AE95-846B-4553-AA24-4964B5352C2F}"
EndProject
Global
	GlobalSection(SolutionConfigurationPlatforms) = preSolution
		Debug|Any CPU = Debug|Any CPU
		Release|Any CPU = Release|Any CPU
	EndGlobalSection
	GlobalSection(ProjectConfigurationPlatforms) = postSolution
		{3825AE95-846B-4553-AA24-4964B5352C2F}.Debug|Any CPU.ActiveCfg = Debug|Any CPU
		{3825AE95-846B-4553-AA24-4964B5352C2F}.Debug|Any CPU.Build.0 = Debug|Any CPU
		{3825AE95-846B-4553-AA24-4964B5352C2F}.Release|Any CPU.ActiveCfg = Release|Any CPU
		{3825AE95-846B-4553-AA24-4964B5352C2F}.Release|Any CPU.Build.0 = Release|Any CPU
	EndGlobalSection
	GlobalSection(SolutionProperties) = preSolution
		HideSolutionNode = FALSE
	EndGlobalSection
	GlobalSection(ExtensibilityGlobals) = postSolution
		SolutionGuid = {D8C7D15F-8096-46FE-9625-09B4BCE95FC1}
	EndGlobalSection
EndGlobal
